// !$*UTF8*$!
{
	archiveVersion = 1;
	classes = {
	};
	objectVersion = 46;
	objects = {

/* Begin PBXBuildFile section */
		AE39AAFE193F72D100BBDCF6 /* Foundation.framework in Frameworks */ = {isa = PBXBuildFile; fileRef = AE39AAFD193F72D100BBDCF6 /* Foundation.framework */; };
		AE39AB00193F72D100BBDCF6 /* CoreGraphics.framework in Frameworks */ = {isa = PBXBuildFile; fileRef = AE39AAFF193F72D100BBDCF6 /* CoreGraphics.framework */; };
		AE39AB02193F72D100BBDCF6 /* UIKit.framework in Frameworks */ = {isa = PBXBuildFile; fileRef = AE39AB01193F72D100BBDCF6 /* UIKit.framework */; };
		AE39AB08193F72D100BBDCF6 /* InfoPlist.strings in Resources */ = {isa = PBXBuildFile; fileRef = AE39AB06193F72D100BBDCF6 /* InfoPlist.strings */; };
		AE39AB0A193F72D100BBDCF6 /* main.m in Sources */ = {isa = PBXBuildFile; fileRef = AE39AB09193F72D100BBDCF6 /* main.m */; };
		AE39AB0E193F72D100BBDCF6 /* AppDelegate.m in Sources */ = {isa = PBXBuildFile; fileRef = AE39AB0D193F72D100BBDCF6 /* AppDelegate.m */; };
		AE39AB11193F72D100BBDCF6 /* Main.storyboard in Resources */ = {isa = PBXBuildFile; fileRef = AE39AB0F193F72D100BBDCF6 /* Main.storyboard */; };
		AE39AB14193F72D100BBDCF6 /* ViewController.m in Sources */ = {isa = PBXBuildFile; fileRef = AE39AB13193F72D100BBDCF6 /* ViewController.m */; };
		AE39AB16193F72D100BBDCF6 /* Images.xcassets in Resources */ = {isa = PBXBuildFile; fileRef = AE39AB15193F72D100BBDCF6 /* Images.xcassets */; };
		AE39AB1D193F72D100BBDCF6 /* XCTest.framework in Frameworks */ = {isa = PBXBuildFile; fileRef = AE39AB1C193F72D100BBDCF6 /* XCTest.framework */; };
		AE39AB1E193F72D100BBDCF6 /* Foundation.framework in Frameworks */ = {isa = PBXBuildFile; fileRef = AE39AAFD193F72D100BBDCF6 /* Foundation.framework */; };
		AE39AB1F193F72D100BBDCF6 /* UIKit.framework in Frameworks */ = {isa = PBXBuildFile; fileRef = AE39AB01193F72D100BBDCF6 /* UIKit.framework */; };
		AE39AB27193F72D100BBDCF6 /* InfoPlist.strings in Resources */ = {isa = PBXBuildFile; fileRef = AE39AB25193F72D100BBDCF6 /* InfoPlist.strings */; };
		AE39AB29193F72D100BBDCF6 /* gradebookTests.m in Sources */ = {isa = PBXBuildFile; fileRef = AE39AB28193F72D100BBDCF6 /* gradebookTests.m */; };
/* End PBXBuildFile section */

/* Begin PBXContainerItemProxy section */
		AE39AB20193F72D100BBDCF6 /* PBXContainerItemProxy */ = {
			isa = PBXContainerItemProxy;
			containerPortal = AE39AAF2193F72D100BBDCF6 /* Project object */;
			proxyType = 1;
			remoteGlobalIDString = AE39AAF9193F72D100BBDCF6;
			remoteInfo = gradebook;
		};
/* End PBXContainerItemProxy section */

/* Begin PBXFileReference section */
		AE39AAFA193F72D100BBDCF6 /* gradebook.app */ = {isa = PBXFileReference; explicitFileType = wrapper.application; includeInIndex = 0; path = gradebook.app; sourceTree = BUILT_PRODUCTS_DIR; };
		AE39AAFD193F72D100BBDCF6 /* Foundation.framework */ = {isa = PBXFileReference; lastKnownFileType = wrapper.framework; name = Foundation.framework; path = System/Library/Frameworks/Foundation.framework; sourceTree = SDKROOT; };
		AE39AAFF193F72D100BBDCF6 /* CoreGraphics.framework */ = {isa = PBXFileReference; lastKnownFileType = wrapper.framework; name = CoreGraphics.framework; path = System/Library/Frameworks/CoreGraphics.framework; sourceTree = SDKROOT; };
		AE39AB01193F72D100BBDCF6 /* UIKit.framework */ = {isa = PBXFileReference; lastKnownFileType = wrapper.framework; name = UIKit.framework; path = System/Library/Frameworks/UIKit.framework; sourceTree = SDKROOT; };
		AE39AB05193F72D100BBDCF6 /* gradebook-Info.plist */ = {isa = PBXFileReference; lastKnownFileType = text.plist.xml; path = "gradebook-Info.plist"; sourceTree = "<group>"; };
		AE39AB07193F72D100BBDCF6 /* en */ = {isa = PBXFileReference; lastKnownFileType = text.plist.strings; name = en; path = en.lproj/InfoPlist.strings; sourceTree = "<group>"; };
		AE39AB09193F72D100BBDCF6 /* main.m */ = {isa = PBXFileReference; lastKnownFileType = sourcecode.c.objc; path = main.m; sourceTree = "<group>"; };
		AE39AB0B193F72D100BBDCF6 /* gradebook-Prefix.pch */ = {isa = PBXFileReference; lastKnownFileType = sourcecode.c.h; path = "gradebook-Prefix.pch"; sourceTree = "<group>"; };
		AE39AB0C193F72D100BBDCF6 /* AppDelegate.h */ = {isa = PBXFileReference; lastKnownFileType = sourcecode.c.h; path = AppDelegate.h; sourceTree = "<group>"; };
		AE39AB0D193F72D100BBDCF6 /* AppDelegate.m */ = {isa = PBXFileReference; lastKnownFileType = sourcecode.c.objc; path = AppDelegate.m; sourceTree = "<group>"; };
		AE39AB10193F72D100BBDCF6 /* Base */ = {isa = PBXFileReference; lastKnownFileType = file.storyboard; name = Base; path = Base.lproj/Main.storyboard; sourceTree = "<group>"; };
		AE39AB12193F72D100BBDCF6 /* ViewController.h */ = {isa = PBXFileReference; lastKnownFileType = sourcecode.c.h; path = ViewController.h; sourceTree = "<group>"; };
		AE39AB13193F72D100BBDCF6 /* ViewController.m */ = {isa = PBXFileReference; lastKnownFileType = sourcecode.c.objc; path = ViewController.m; sourceTree = "<group>"; };
		AE39AB15193F72D100BBDCF6 /* Images.xcassets */ = {isa = PBXFileReference; lastKnownFileType = folder.assetcatalog; path = Images.xcassets; sourceTree = "<group>"; };
		AE39AB1B193F72D100BBDCF6 /* gradebookTests.xctest */ = {isa = PBXFileReference; explicitFileType = wrapper.cfbundle; includeInIndex = 0; path = gradebookTests.xctest; sourceTree = BUILT_PRODUCTS_DIR; };
		AE39AB1C193F72D100BBDCF6 /* XCTest.framework */ = {isa = PBXFileReference; lastKnownFileType = wrapper.framework; name = XCTest.framework; path = Library/Frameworks/XCTest.framework; sourceTree = DEVELOPER_DIR; };
		AE39AB24193F72D100BBDCF6 /* gradebookTests-Info.plist */ = {isa = PBXFileReference; lastKnownFileType = text.plist.xml; path = "gradebookTests-Info.plist"; sourceTree = "<group>"; };
		AE39AB26193F72D100BBDCF6 /* en */ = {isa = PBXFileReference; lastKnownFileType = text.plist.strings; name = en; path = en.lproj/InfoPlist.strings; sourceTree = "<group>"; };
		AE39AB28193F72D100BBDCF6 /* gradebookTests.m */ = {isa = PBXFileReference; lastKnownFileType = sourcecode.c.objc; path = gradebookTests.m; sourceTree = "<group>"; };
/* End PBXFileReference section */

/* Begin PBXFrameworksBuildPhase section */
		AE39AAF7193F72D100BBDCF6 /* Frameworks */ = {
			isa = PBXFrameworksBuildPhase;
			buildActionMask = 2147483647;
			files = (
				AE39AB00193F72D100BBDCF6 /* CoreGraphics.framework in Frameworks */,
				AE39AB02193F72D100BBDCF6 /* UIKit.framework in Frameworks */,
				AE39AAFE193F72D100BBDCF6 /* Foundation.framework in Frameworks */,
			);
			runOnlyForDeploymentPostprocessing = 0;
		};
		AE39AB18193F72D100BBDCF6 /* Frameworks */ = {
			isa = PBXFrameworksBuildPhase;
			buildActionMask = 2147483647;
			files = (
				AE39AB1D193F72D100BBDCF6 /* XCTest.framework in Frameworks */,
				AE39AB1F193F72D100BBDCF6 /* UIKit.framework in Frameworks */,
				AE39AB1E193F72D100BBDCF6 /* Foundation.framework in Frameworks */,
			);
			runOnlyForDeploymentPostprocessing = 0;
		};
/* End PBXFrameworksBuildPhase section */

/* Begin PBXGroup section */
		AE39AAF1193F72D100BBDCF6 = {
			isa = PBXGroup;
			children = (
				AE39AB03193F72D100BBDCF6 /* gradebook */,
				AE39AB22193F72D100BBDCF6 /* gradebookTests */,
				AE39AAFC193F72D100BBDCF6 /* Frameworks */,
				AE39AAFB193F72D100BBDCF6 /* Products */,
			);
			sourceTree = "<group>";
		};
		AE39AAFB193F72D100BBDCF6 /* Products */ = {
			isa = PBXGroup;
			children = (
				AE39AAFA193F72D100BBDCF6 /* gradebook.app */,
				AE39AB1B193F72D100BBDCF6 /* gradebookTests.xctest */,
			);
			name = Products;
			sourceTree = "<group>";
		};
		AE39AAFC193F72D100BBDCF6 /* Frameworks */ = {
			isa = PBXGroup;
			children = (
				AE39AAFD193F72D100BBDCF6 /* Foundation.framework */,
				AE39AAFF193F72D100BBDCF6 /* CoreGraphics.framework */,
				AE39AB01193F72D100BBDCF6 /* UIKit.framework */,
				AE39AB1C193F72D100BBDCF6 /* XCTest.framework */,
			);
			name = Frameworks;
			sourceTree = "<group>";
		};
		AE39AB03193F72D100BBDCF6 /* gradebook */ = {
			isa = PBXGroup;
			children = (
				AE39AB0C193F72D100BBDCF6 /* AppDelegate.h */,
				AE39AB0D193F72D100BBDCF6 /* AppDelegate.m */,
				AE39AB0F193F72D100BBDCF6 /* Main.storyboard */,
				AE39AB12193F72D100BBDCF6 /* ViewController.h */,
				AE39AB13193F72D100BBDCF6 /* ViewController.m */,
				AE39AB15193F72D100BBDCF6 /* Images.xcassets */,
				AE39AB04193F72D100BBDCF6 /* Supporting Files */,
			);
			path = gradebook;
			sourceTree = "<group>";
		};
		AE39AB04193F72D100BBDCF6 /* Supporting Files */ = {
			isa = PBXGroup;
			children = (
				AE39AB05193F72D100BBDCF6 /* gradebook-Info.plist */,
				AE39AB06193F72D100BBDCF6 /* InfoPlist.strings */,
				AE39AB09193F72D100BBDCF6 /* main.m */,
				AE39AB0B193F72D100BBDCF6 /* gradebook-Prefix.pch */,
			);
			name = "Supporting Files";
			sourceTree = "<group>";
		};
		AE39AB22193F72D100BBDCF6 /* gradebookTests */ = {
			isa = PBXGroup;
			children = (
				AE39AB28193F72D100BBDCF6 /* gradebookTests.m */,
				AE39AB23193F72D100BBDCF6 /* Supporting Files */,
			);
			path = gradebookTests;
			sourceTree = "<group>";
		};
		AE39AB23193F72D100BBDCF6 /* Supporting Files */ = {
			isa = PBXGroup;
			children = (
				AE39AB24193F72D100BBDCF6 /* gradebookTests-Info.plist */,
				AE39AB25193F72D100BBDCF6 /* InfoPlist.strings */,
			);
			name = "Supporting Files";
			sourceTree = "<group>";
		};
/* End PBXGroup section */

/* Begin PBXNativeTarget section */
		AE39AAF9193F72D100BBDCF6 /* gradebook */ = {
			isa = PBXNativeTarget;
			buildConfigurationList = AE39AB2C193F72D100BBDCF6 /* Build configuration list for PBXNativeTarget "gradebook" */;
			buildPhases = (
				AE39AAF6193F72D100BBDCF6 /* Sources */,
				AE39AAF7193F72D100BBDCF6 /* Frameworks */,
				AE39AAF8193F72D100BBDCF6 /* Resources */,
			);
			buildRules = (
			);
			dependencies = (
			);
			name = gradebook;
			productName = gradebook;
			productReference = AE39AAFA193F72D100BBDCF6 /* gradebook.app */;
			productType = "com.apple.product-type.application";
		};
		AE39AB1A193F72D100BBDCF6 /* gradebookTests */ = {
			isa = PBXNativeTarget;
			buildConfigurationList = AE39AB2F193F72D100BBDCF6 /* Build configuration list for PBXNativeTarget "gradebookTests" */;
			buildPhases = (
				AE39AB17193F72D100BBDCF6 /* Sources */,
				AE39AB18193F72D100BBDCF6 /* Frameworks */,
				AE39AB19193F72D100BBDCF6 /* Resources */,
			);
			buildRules = (
			);
			dependencies = (
				AE39AB21193F72D100BBDCF6 /* PBXTargetDependency */,
			);
			name = gradebookTests;
			productName = gradebookTests;
			productReference = AE39AB1B193F72D100BBDCF6 /* gradebookTests.xctest */;
			productType = "com.apple.product-type.bundle.unit-test";
		};
/* End PBXNativeTarget section */

/* Begin PBXProject section */
		AE39AAF2193F72D100BBDCF6 /* Project object */ = {
			isa = PBXProject;
			attributes = {
				LastUpgradeCheck = 0510;
				ORGANIZATIONNAME = Mathien;
				TargetAttributes = {
					AE39AB1A193F72D100BBDCF6 = {
						TestTargetID = AE39AAF9193F72D100BBDCF6;
					};
				};
			};
			buildConfigurationList = AE39AAF5193F72D100BBDCF6 /* Build configuration list for PBXProject "gradebook" */;
			compatibilityVersion = "Xcode 3.2";
			developmentRegion = English;
			hasScannedForEncodings = 0;
			knownRegions = (
				en,
				Base,
			);
			mainGroup = AE39AAF1193F72D100BBDCF6;
			productRefGroup = AE39AAFB193F72D100BBDCF6 /* Products */;
			projectDirPath = "";
			projectRoot = "";
			targets = (
				AE39AAF9193F72D100BBDCF6 /* gradebook */,
				AE39AB1A193F72D100BBDCF6 /* gradebookTests */,
			);
		};
/* End PBXProject section */

/* Begin PBXResourcesBuildPhase section */
		AE39AAF8193F72D100BBDCF6 /* Resources */ = {
			isa = PBXResourcesBuildPhase;
			buildActionMask = 2147483647;
			files = (
				AE39AB16193F72D100BBDCF6 /* Images.xcassets in Resources */,
				AE39AB08193F72D100BBDCF6 /* InfoPlist.strings in Resources */,
				AE39AB11193F72D100BBDCF6 /* Main.storyboard in Resources */,
			);
			runOnlyForDeploymentPostprocessing = 0;
		};
		AE39AB19193F72D100BBDCF6 /* Resources */ = {
			isa = PBXResourcesBuildPhase;
			buildActionMask = 2147483647;
			files = (
				AE39AB27193F72D100BBDCF6 /* InfoPlist.strings in Resources */,
			);
			runOnlyForDeploymentPostprocessing = 0;
		};
/* End PBXResourcesBuildPhase section */

/* Begin PBXSourcesBuildPhase section */
		AE39AAF6193F72D100BBDCF6 /* Sources */ = {
			isa = PBXSourcesBuildPhase;
			buildActionMask = 2147483647;
			files = (
				AE39AB14193F72D100BBDCF6 /* ViewController.m in Sources */,
				AE39AB0E193F72D100BBDCF6 /* AppDelegate.m in Sources */,
				AE39AB0A193F72D100BBDCF6 /* main.m in Sources */,
			);
			runOnlyForDeploymentPostprocessing = 0;
		};
		AE39AB17193F72D100BBDCF6 /* Sources */ = {
			isa = PBXSourcesBuildPhase;
			buildActionMask = 2147483647;
			files = (
				AE39AB29193F72D100BBDCF6 /* gradebookTests.m in Sources */,
			);
			runOnlyForDeploymentPostprocessing = 0;
		};
/* End PBXSourcesBuildPhase section */

/* Begin PBXTargetDependency section */
		AE39AB21193F72D100BBDCF6 /* PBXTargetDependency */ = {
			isa = PBXTargetDependency;
			target = AE39AAF9193F72D100BBDCF6 /* gradebook */;
			targetProxy = AE39AB20193F72D100BBDCF6 /* PBXContainerItemProxy */;
		};
/* End PBXTargetDependency section */

/* Begin PBXVariantGroup section */
		AE39AB06193F72D100BBDCF6 /* InfoPlist.strings */ = {
			isa = PBXVariantGroup;
			children = (
				AE39AB07193F72D100BBDCF6 /* en */,
			);
			name = InfoPlist.strings;
			sourceTree = "<group>";
		};
		AE39AB0F193F72D100BBDCF6 /* Main.storyboard */ = {
			isa = PBXVariantGroup;
			children = (
				AE39AB10193F72D100BBDCF6 /* Base */,
			);
			name = Main.storyboard;
			sourceTree = "<group>";
		};
		AE39AB25193F72D100BBDCF6 /* InfoPlist.strings */ = {
			isa = PBXVariantGroup;
			children = (
				AE39AB26193F72D100BBDCF6 /* en */,
			);
			name = InfoPlist.strings;
			sourceTree = "<group>";
		};
/* End PBXVariantGroup section */

/* Begin XCBuildConfiguration section */
		AE39AB2A193F72D100BBDCF6 /* Debug */ = {
			isa = XCBuildConfiguration;
			buildSettings = {
				ALWAYS_SEARCH_USER_PATHS = NO;
				CLANG_CXX_LANGUAGE_STANDARD = "gnu++0x";
				CLANG_CXX_LIBRARY = "libc++";
				CLANG_ENABLE_MODULES = YES;
				CLANG_ENABLE_OBJC_ARC = YES;
				CLANG_WARN_BOOL_CONVERSION = YES;
				CLANG_WARN_CONSTANT_CONVERSION = YES;
				CLANG_WARN_DIRECT_OBJC_ISA_USAGE = YES_ERROR;
				CLANG_WARN_EMPTY_BODY = YES;
				CLANG_WARN_ENUM_CONVERSION = YES;
				CLANG_WARN_INT_CONVERSION = YES;
				CLANG_WARN_OBJC_ROOT_CLASS = YES_ERROR;
				CLANG_WARN__DUPLICATE_METHOD_MATCH = YES;
				"CODE_SIGN_IDENTITY[sdk=iphoneos*]" = "iPhone Developer";
				COPY_PHASE_STRIP = NO;
				GCC_C_LANGUAGE_STANDARD = gnu99;
				GCC_DYNAMIC_NO_PIC = NO;
				GCC_OPTIMIZATION_LEVEL = 0;
				GCC_PREPROCESSOR_DEFINITIONS = (
					"DEBUG=1",
					"$(inherited)",
				);
				GCC_SYMBOLS_PRIVATE_EXTERN = NO;
				GCC_WARN_64_TO_32_BIT_CONVERSION = YES;
				GCC_WARN_ABOUT_RETURN_TYPE = YES_ERROR;
				GCC_WARN_UNDECLARED_SELECTOR = YES;
				GCC_WARN_UNINITIALIZED_AUTOS = YES_AGGRESSIVE;
				GCC_WARN_UNUSED_FUNCTION = YES;
				GCC_WARN_UNUSED_VARIABLE = YES;
				IPHONEOS_DEPLOYMENT_TARGET = 7.1;
				ONLY_ACTIVE_ARCH = YES;
				SDKROOT = iphoneos;
			};
			name = Debug;
		};
		AE39AB2B193F72D100BBDCF6 /* Release */ = {
			isa = XCBuildConfiguration;
			buildSettings = {
				ALWAYS_SEARCH_USER_PATHS = NO;
				CLANG_CXX_LANGUAGE_STANDARD = "gnu++0x";
				CLANG_CXX_LIBRARY = "libc++";
				CLANG_ENABLE_MODULES = YES;
				CLANG_ENABLE_OBJC_ARC = YES;
				CLANG_WARN_BOOL_CONVERSION = YES;
				CLANG_WARN_CONSTANT_CONVERSION = YES;
				CLANG_WARN_DIRECT_OBJC_ISA_USAGE = YES_ERROR;
				CLANG_WARN_EMPTY_BODY = YES;
				CLANG_WARN_ENUM_CONVERSION = YES;
				CLANG_WARN_INT_CONVERSION = YES;
				CLANG_WARN_OBJC_ROOT_CLASS = YES_ERROR;
				CLANG_WARN__DUPLICATE_METHOD_MATCH = YES;
				"CODE_SIGN_IDENTITY[sdk=iphoneos*]" = "iPhone Developer";
				COPY_PHASE_STRIP = YES;
				ENABLE_NS_ASSERTIONS = NO;
				GCC_C_LANGUAGE_STANDARD = gnu99;
				GCC_WARN_64_TO_32_BIT_CONVERSION = YES;
				GCC_WARN_ABOUT_RETURN_TYPE = YES_ERROR;
				GCC_WARN_UNDECLARED_SELECTOR = YES;
				GCC_WARN_UNINITIALIZED_AUTOS = YES_AGGRESSIVE;
				GCC_WARN_UNUSED_FUNCTION = YES;
				GCC_WARN_UNUSED_VARIABLE = YES;
				IPHONEOS_DEPLOYMENT_TARGET = 7.1;
				SDKROOT = iphoneos;
				VALIDATE_PRODUCT = YES;
			};
			name = Release;
		};
		AE39AB2D193F72D100BBDCF6 /* Debug */ = {
			isa = XCBuildConfiguration;
			buildSettings = {
				ASSETCATALOG_COMPILER_APPICON_NAME = AppIcon;
				ASSETCATALOG_COMPILER_LAUNCHIMAGE_NAME = LaunchImage;
				GCC_PRECOMPILE_PREFIX_HEADER = YES;
				GCC_PREFIX_HEADER = "gradebook/gradebook-Prefix.pch";
				INFOPLIST_FILE = "gradebook/gradebook-Info.plist";
				PRODUCT_NAME = "$(TARGET_NAME)";
				WRAPPER_EXTENSION = app;
			};
			name = Debug;
		};
		AE39AB2E193F72D100BBDCF6 /* Release */ = {
			isa = XCBuildConfiguration;
			buildSettings = {
				ASSETCATALOG_COMPILER_APPICON_NAME = AppIcon;
				ASSETCATALOG_COMPILER_LAUNCHIMAGE_NAME = LaunchImage;
				GCC_PRECOMPILE_PREFIX_HEADER = YES;
				GCC_PREFIX_HEADER = "gradebook/gradebook-Prefix.pch";
				INFOPLIST_FILE = "gradebook/gradebook-Info.plist";
				PRODUCT_NAME = "$(TARGET_NAME)";
				WRAPPER_EXTENSION = app;
			};
			name = Release;
		};
		AE39AB30193F72D100BBDCF6 /* Debug */ = {
			isa = XCBuildConfiguration;
			buildSettings = {
				BUNDLE_LOADER = "$(BUILT_PRODUCTS_DIR)/gradebook.app/gradebook";
				FRAMEWORK_SEARCH_PATHS = (
					"$(SDKROOT)/Developer/Library/Frameworks",
					"$(inherited)",
					"$(DEVELOPER_FRAMEWORKS_DIR)",
				);
				GCC_PRECOMPILE_PREFIX_HEADER = YES;
				GCC_PREFIX_HEADER = "gradebook/gradebook-Prefix.pch";
				GCC_PREPROCESSOR_DEFINITIONS = (
					"DEBUG=1",
					"$(inherited)",
				);
				INFOPLIST_FILE = "gradebookTests/gradebookTests-Info.plist";
				PRODUCT_NAME = "$(TARGET_NAME)";
				TEST_HOST = "$(BUNDLE_LOADER)";
				WRAPPER_EXTENSION = xctest;
			};
			name = Debug;
		};
		AE39AB31193F72D100BBDCF6 /* Release */ = {
			isa = XCBuildConfiguration;
			buildSettings = {
				BUNDLE_LOADER = "$(BUILT_PRODUCTS_DIR)/gradebook.app/gradebook";
				FRAMEWORK_SEARCH_PATHS = (
					"$(SDKROOT)/Developer/Library/Frameworks",
					"$(inherited)",
					"$(DEVELOPER_FRAMEWORKS_DIR)",
				);
				GCC_PRECOMPILE_PREFIX_HEADER = YES;
				GCC_PREFIX_HEADER = "gradebook/gradebook-Prefix.pch";
				INFOPLIST_FILE = "gradebookTests/gradebookTests-Info.plist";
				PRODUCT_NAME = "$(TARGET_NAME)";
				TEST_HOST = "$(BUNDLE_LOADER)";
				WRAPPER_EXTENSION = xctest;
			};
			name = Release;
		};
/* End XCBuildConfiguration section */

/* Begin XCConfigurationList section */
		AE39AAF5193F72D100BBDCF6 /* Build configuration list for PBXProject "gradebook" */ = {
			isa = XCConfigurationList;
			buildConfigurations = (
				AE39AB2A193F72D100BBDCF6 /* Debug */,
				AE39AB2B193F72D100BBDCF6 /* Release */,
			);
			defaultConfigurationIsVisible = 0;
			defaultConfigurationName = Release;
		};
		AE39AB2C193F72D100BBDCF6 /* Build configuration list for PBXNativeTarget "gradebook" */ = {
			isa = XCConfigurationList;
			buildConfigurations = (
				AE39AB2D193F72D100BBDCF6 /* Debug */,
				AE39AB2E193F72D100BBDCF6 /* Release */,
			);
			defaultConfigurationIsVisible = 0;
		};
		AE39AB2F193F72D100BBDCF6 /* Build configuration list for PBXNativeTarget "gradebookTests" */ = {
			isa = XCConfigurationList;
			buildConfigurations = (
				AE39AB30193F72D100BBDCF6 /* Debug */,
				AE39AB31193F72D100BBDCF6 /* Release */,
			);
			defaultConfigurationIsVisible = 0;
		};
/* End XCConfigurationList section */
	};
	rootObject = AE39AAF2193F72D100BBDCF6 /* Project object */;
}
